# This file is automatically @generated by Cargo.
# It is not intended for manual editing.
version = 4

[[package]]
name = "advent-of-code-2024-utils"
version = "1.0.0"

[[package]]
name = "day01"
version = "0.1.0"
dependencies = [
 "advent-of-code-2024-utils",
]

[[package]]
name = "day02"
version = "0.0.0"
dependencies = [
 "advent-of-code-2024-utils",
]

[[package]]
name = "day03"
version = "0.0.0"
dependencies = [
 "advent-of-code-2024-utils",
]
